
Microsoft Visual Studio Solution File, Format Version 12.00
# Visual Studio 2013
VisualStudioVersion = 12.0.31101.0
MinimumVisualStudioVersion = 10.0.40219.1
Project("{FAE04EC0-301F-11D3-BF4B-00C04F79EFBC}") = "textsearch", "textsearch\textsearch.csproj", "{5F8A8A7A-286E-44FC-98AD-3D7CF96D06A5}"
EndProject
Project("{FAE04EC0-301F-11D3-BF4B-00C04F79EFBC}") = "websearch", "websearch\websearch.csproj", "{8729F6E0-1F6D-499A-841E-8EED53B58878}"
EndProject
Global
	GlobalSection(SolutionConfigurationPlatforms) = preSolution
		Debug|Any CPU = Debug|Any CPU
		Release|Any CPU = Release|Any CPU
	EndGlobalSection
	GlobalSection(ProjectConfigurationPlatforms) = postSolution
		{5F8A8A7A-286E-44FC-98AD-3D7CF96D06A5}.Debug|Any CPU.ActiveCfg = Debug|Any CPU
		{5F8A8A7A-286E-44FC-98AD-3D7CF96D06A5}.Debug|Any CPU.Build.0 = Debug|Any CPU
		{5F8A8A7A-286E-44FC-98AD-3D7CF96D06A5}.Release|Any CPU.ActiveCfg = Release|Any CPU
		{5F8A8A7A-286E-44FC-98AD-3D7CF96D06A5}.Release|Any CPU.Build.0 = Release|Any CPU
		{8729F6E0-1F6D-499A-841E-8EED53B58878}.Debug|Any CPU.ActiveCfg = Debug|Any CPU
		{8729F6E0-1F6D-499A-841E-8EED53B58878}.Debug|Any CPU.Build.0 = Debug|Any CPU
		{8729F6E0-1F6D-499A-841E-8EED53B58878}.Release|Any CPU.ActiveCfg = Release|Any CPU
		{8729F6E0-1F6D-499A-841E-8EED53B58878}.Release|Any CPU.Build.0 = Release|Any CPU
	EndGlobalSection
	GlobalSection(SolutionProperties) = preSolution
		HideSolutionNode = FALSE
	EndGlobalSection
EndGlobal
